
Microsoft Visual Studio Solution File, Format Version 12.00
# Visual Studio Version 17
VisualStudioVersion = 17.5.33424.131
MinimumVisualStudioVersion = 10.0.40219.1
Project("{8BC9CEB8-8B4A-11D0-8D11-00A0C91BC942}") = "MachineLearningBuild", "MachineLearningBuild\MachineLearningBuild.vcxproj", "{8BDBD608-7128-442B-86A8-EACF6A253051}"
EndProject
Project("{8BC9CEB8-8B4A-11D0-8D11-00A0C91BC942}") = "AlgorithmBuild", "AlgorithmBuild\AlgorithmBuild.vcxproj", "{3FA9ECA2-EFFB-435A-8F8D-4651958A4416}"
	ProjectSection(ProjectDependencies) = postProject
		{8BDBD608-7128-442B-86A8-EACF6A253051} = {8BDBD608-7128-442B-86A8-EACF6A253051}
	EndProjectSection
EndProject
Global
	GlobalSection(SolutionConfigurationPlatforms) = preSolution
		Debug|x64 = Debug|x64
		Debug|x86 = Debug|x86
		Release|x64 = Release|x64
		Release|x86 = Release|x86
	EndGlobalSection
	GlobalSection(ProjectConfigurationPlatforms) = postSolution
		{8BDBD608-7128-442B-86A8-EACF6A253051}.Debug|x64.ActiveCfg = Debug|x64
		{8BDBD608-7128-442B-86A8-EACF6A253051}.Debug|x64.Build.0 = Debug|x64
		{8BDBD608-7128-442B-86A8-EACF6A253051}.Debug|x86.ActiveCfg = Debug|Win32
		{8BDBD608-7128-442B-86A8-EACF6A253051}.Debug|x86.Build.0 = Debug|Win32
		{8BDBD608-7128-442B-86A8-EACF6A253051}.Release|x64.ActiveCfg = Release|x64
		{8BDBD608-7128-442B-86A8-EACF6A253051}.Release|x64.Build.0 = Release|x64
		{8BDBD608-7128-442B-86A8-EACF6A253051}.Release|x86.ActiveCfg = Release|Win32
		{8BDBD608-7128-442B-86A8-EACF6A253051}.Release|x86.Build.0 = Release|Win32
		{3FA9ECA2-EFFB-435A-8F8D-4651958A4416}.Debug|x64.ActiveCfg = Debug|x64
		{3FA9ECA2-EFFB-435A-8F8D-4651958A4416}.Debug|x64.Build.0 = Debug|x64
		{3FA9ECA2-EFFB-435A-8F8D-4651958A4416}.Debug|x86.ActiveCfg = Debug|Win32
		{3FA9ECA2-EFFB-435A-8F8D-4651958A4416}.Debug|x86.Build.0 = Debug|Win32
		{3FA9ECA2-EFFB-435A-8F8D-4651958A4416}.Release|x64.ActiveCfg = Release|x64
		{3FA9ECA2-EFFB-435A-8F8D-4651958A4416}.Release|x64.Build.0 = Release|x64
		{3FA9ECA2-EFFB-435A-8F8D-4651958A4416}.Release|x86.ActiveCfg = Release|Win32
		{3FA9ECA2-EFFB-435A-8F8D-4651958A4416}.Release|x86.Build.0 = Release|Win32
	EndGlobalSection
	GlobalSection(SolutionProperties) = preSolution
		HideSolutionNode = FALSE
	EndGlobalSection
	GlobalSection(ExtensibilityGlobals) = postSolution
		SolutionGuid = {2F6AF2CE-89C5-4346-9221-39FD0824FE28}
	EndGlobalSection
EndGlobal
